// !$*UTF8*$!
{
	archiveVersion = 1;
	classes = {
	};
	objectVersion = 52;
	objects = {

/* Begin PBXBuildFile section */
		9A03DEA725E59F5500E4BEE5 /* CVStateObservable.swift in Sources */ = {isa = PBXBuildFile; fileRef = 9A03DEA625E59F5500E4BEE5 /* CVStateObservable.swift */; };
		9A09025C2530F04C0011E478 /* CVEducationViewModel.swift in Sources */ = {isa = PBXBuildFile; fileRef = 9A09025B2530F04C0011E478 /* CVEducationViewModel.swift */; };
		9A0902622530F0570011E478 /* CVEducationView.swift in Sources */ = {isa = PBXBuildFile; fileRef = 9A0902612530F0570011E478 /* CVEducationView.swift */; };
		9A0902662530F5BD0011E478 /* ContainerView.swift in Sources */ = {isa = PBXBuildFile; fileRef = 9A0902652530F5BD0011E478 /* ContainerView.swift */; };
		9A31683225719B0F00574342 /* View+ContentOffset.swift in Sources */ = {isa = PBXBuildFile; fileRef = 9A31683125719B0F00574342 /* View+ContentOffset.swift */; };
		9A31683825719D8900574342 /* View+SafeArea.swift in Sources */ = {isa = PBXBuildFile; fileRef = 9A31683725719D8900574342 /* View+SafeArea.swift */; };
		9A46E350243BBCC9004A472E /* CVExperienceView.swift in Sources */ = {isa = PBXBuildFile; fileRef = 9A46E34F243BBCC9004A472E /* CVExperienceView.swift */; };
		9A46E353243BBE73004A472E /* RangeDateFormatter.swift in Sources */ = {isa = PBXBuildFile; fileRef = 9A46E352243BBE73004A472E /* RangeDateFormatter.swift */; };
		9A4BD2B724389FD80049BE17 /* CVDomain in Frameworks */ = {isa = PBXBuildFile; productRef = 9A4BD2B624389FD80049BE17 /* CVDomain */; };
		9A4BD2B924389FDB0049BE17 /* CVStatic in Frameworks */ = {isa = PBXBuildFile; productRef = 9A4BD2B824389FDB0049BE17 /* CVStatic */; };
		9A4D606D2439EA11005F7F96 /* CircleImage.swift in Sources */ = {isa = PBXBuildFile; fileRef = 9A4D606C2439EA11005F7F96 /* CircleImage.swift */; };
		9A4D60712439F383005F7F96 /* CVSummaryViewModel.swift in Sources */ = {isa = PBXBuildFile; fileRef = 9A4D60702439F383005F7F96 /* CVSummaryViewModel.swift */; };
		9A4D60742439F49B005F7F96 /* CVViewModel.swift in Sources */ = {isa = PBXBuildFile; fileRef = 9A4D60732439F49B005F7F96 /* CVViewModel.swift */; };
		9A4FE4E1246F2EA60012A6BF /* Font+Theme.swift in Sources */ = {isa = PBXBuildFile; fileRef = 9A4FE4E0246F2EA60012A6BF /* Font+Theme.swift */; };
		9A4FE4E5246F329E0012A6BF /* Montserrat-Regular.ttf in Resources */ = {isa = PBXBuildFile; fileRef = 9A4FE4E4246F321E0012A6BF /* Montserrat-Regular.ttf */; };
		9A4FE4E6246F32A10012A6BF /* Montserrat-Bold.ttf in Resources */ = {isa = PBXBuildFile; fileRef = 9A4FE4E3246F321E0012A6BF /* Montserrat-Bold.ttf */; };
		9A4FE4E8246F358B0012A6BF /* SectionHeader.swift in Sources */ = {isa = PBXBuildFile; fileRef = 9A4FE4E7246F358B0012A6BF /* SectionHeader.swift */; };
		9A4FE4EA246F3A380012A6BF /* CVExperienceViewModel.swift in Sources */ = {isa = PBXBuildFile; fileRef = 9A4FE4E9246F3A380012A6BF /* CVExperienceViewModel.swift */; };
		9A55713A2539A79600CB2947 /* View+TextStyle.swift in Sources */ = {isa = PBXBuildFile; fileRef = 9A5571392539A79600CB2947 /* View+TextStyle.swift */; };
		9A5571422539BE2000CB2947 /* EdgeInsets+Convenience.swift in Sources */ = {isa = PBXBuildFile; fileRef = 9A5571412539BE2000CB2947 /* EdgeInsets+Convenience.swift */; };
		9A575B76252E4E7B00DE722B /* CVViewItem.swift in Sources */ = {isa = PBXBuildFile; fileRef = 9A575B75252E4E7B00DE722B /* CVViewItem.swift */; };
		9A575B78252E4ED500DE722B /* CVViewItemFactory.swift in Sources */ = {isa = PBXBuildFile; fileRef = 9A575B77252E4ED500DE722B /* CVViewItemFactory.swift */; };
		9A590810246C86870080BE24 /* Color+Theme.swift in Sources */ = {isa = PBXBuildFile; fileRef = 9A59080F246C86870080BE24 /* Color+Theme.swift */; };
		9A590813246C86A80080BE24 /* CVDesign in Frameworks */ = {isa = PBXBuildFile; productRef = 9A590812246C86A80080BE24 /* CVDesign */; };
		9A590815246C87AE0080BE24 /* Color+Hex.swift in Sources */ = {isa = PBXBuildFile; fileRef = 9A590814246C87AE0080BE24 /* Color+Hex.swift */; };
		9A590817246C89A20080BE24 /* String+Hex.swift in Sources */ = {isa = PBXBuildFile; fileRef = 9A590816246C89A20080BE24 /* String+Hex.swift */; };
		9A59081A246C8A6C0080BE24 /* CGFloat+Spacing.swift in Sources */ = {isa = PBXBuildFile; fileRef = 9A590819246C8A6C0080BE24 /* CGFloat+Spacing.swift */; };
		9A5CCF8424263251009006CD /* AppDelegate.swift in Sources */ = {isa = PBXBuildFile; fileRef = 9A5CCF8324263251009006CD /* AppDelegate.swift */; };
		9A5CCF8624263251009006CD /* SceneDelegate.swift in Sources */ = {isa = PBXBuildFile; fileRef = 9A5CCF8524263251009006CD /* SceneDelegate.swift */; };
		9A5CCF8824263251009006CD /* CVView.swift in Sources */ = {isa = PBXBuildFile; fileRef = 9A5CCF8724263251009006CD /* CVView.swift */; };
		9A5CCF8A24263253009006CD /* Assets.xcassets in Resources */ = {isa = PBXBuildFile; fileRef = 9A5CCF8924263253009006CD /* Assets.xcassets */; };
		9A5CCF8D24263253009006CD /* Preview Assets.xcassets in Resources */ = {isa = PBXBuildFile; fileRef = 9A5CCF8C24263253009006CD /* Preview Assets.xcassets */; };
		9A5CCF9024263253009006CD /* LaunchScreen.storyboard in Resources */ = {isa = PBXBuildFile; fileRef = 9A5CCF8E24263253009006CD /* LaunchScreen.storyboard */; };
		9A5CCF9B24263253009006CD /* CV_AppTests.swift in Sources */ = {isa = PBXBuildFile; fileRef = 9A5CCF9A24263253009006CD /* CV_AppTests.swift */; };
		9A62DE7E25C5902B0028163C /* CVSkillsGridView.swift in Sources */ = {isa = PBXBuildFile; fileRef = 9A62DE7D25C5902B0028163C /* CVSkillsGridView.swift */; };
		9A62DE8225C590520028163C /* CVSkillsGridViewModel.swift in Sources */ = {isa = PBXBuildFile; fileRef = 9A62DE8125C590520028163C /* CVSkillsGridViewModel.swift */; };
		9A717D5E243895B700AB3AD4 /* CVSummaryView.swift in Sources */ = {isa = PBXBuildFile; fileRef = 9A717D5D243895B700AB3AD4 /* CVSummaryView.swift */; };
		9A87429B25DF09C200E1BDF0 /* CVDependencyContainer.swift in Sources */ = {isa = PBXBuildFile; fileRef = 9A87429A25DF09C200E1BDF0 /* CVDependencyContainer.swift */; };
		9A8742A025DF0AA400E1BDF0 /* RxCocoa in Frameworks */ = {isa = PBXBuildFile; productRef = 9A87429F25DF0AA400E1BDF0 /* RxCocoa */; };
		9A8742A225DF0AA400E1BDF0 /* RxSwift in Frameworks */ = {isa = PBXBuildFile; productRef = 9A8742A125DF0AA400E1BDF0 /* RxSwift */; };
		9A8742A625DF0C8100E1BDF0 /* RxBlocking in Frameworks */ = {isa = PBXBuildFile; productRef = 9A8742A525DF0C8100E1BDF0 /* RxBlocking */; };
		9ABC52F6253239E700FF128D /* CVSkillsView.swift in Sources */ = {isa = PBXBuildFile; fileRef = 9ABC52F5253239E700FF128D /* CVSkillsView.swift */; };
		9ABC52FC253239F500FF128D /* CVSkillsViewModel.swift in Sources */ = {isa = PBXBuildFile; fileRef = 9ABC52FB253239F500FF128D /* CVSkillsViewModel.swift */; };
		9ABC530225323B8100FF128D /* SkillKind+DisplayName.swift in Sources */ = {isa = PBXBuildFile; fileRef = 9ABC530125323B8100FF128D /* SkillKind+DisplayName.swift */; };
		9ABC53072532408B00FF128D /* CVContactViewModel.swift in Sources */ = {isa = PBXBuildFile; fileRef = 9ABC53062532408B00FF128D /* CVContactViewModel.swift */; };
		9ABC531125324A1800FF128D /* CVContactItem.swift in Sources */ = {isa = PBXBuildFile; fileRef = 9ABC531025324A1800FF128D /* CVContactItem.swift */; };
		9ABC531525324A7A00FF128D /* CVContactItemFactory.swift in Sources */ = {isa = PBXBuildFile; fileRef = 9ABC531425324A7A00FF128D /* CVContactItemFactory.swift */; };
		9ABC531925324E5600FF128D /* CVContactView.swift in Sources */ = {isa = PBXBuildFile; fileRef = 9ABC531825324E5600FF128D /* CVContactView.swift */; };
		9ABC531F25324F7400FF128D /* CircleButton.swift in Sources */ = {isa = PBXBuildFile; fileRef = 9ABC531E25324F7400FF128D /* CircleButton.swift */; };
		9AC6F56C25CB40D9000E12B6 /* Localizable.strings in Resources */ = {isa = PBXBuildFile; fileRef = 9AC6F56E25CB40D9000E12B6 /* Localizable.strings */; };
		9AC6F57325CB4108000E12B6 /* String+Localized.swift in Sources */ = {isa = PBXBuildFile; fileRef = 9AC6F57225CB4108000E12B6 /* String+Localized.swift */; };
		9ADFEFB02555F90000F6A0A9 /* View+Hidden.swift in Sources */ = {isa = PBXBuildFile; fileRef = 9ADFEFAF2555F90000F6A0A9 /* View+Hidden.swift */; };
		9AED6B34252E5FE6000D4808 /* CardView.swift in Sources */ = {isa = PBXBuildFile; fileRef = 9AED6B33252E5FE6000D4808 /* CardView.swift */; };
/* End PBXBuildFile section */

/* Begin PBXContainerItemProxy section */
		9A5CCF9724263253009006CD /* PBXContainerItemProxy */ = {
			isa = PBXContainerItemProxy;
			containerPortal = 9A5CCF7824263251009006CD /* Project object */;
			proxyType = 1;
			remoteGlobalIDString = 9A5CCF7F24263251009006CD;
			remoteInfo = "CV App";
		};
/* End PBXContainerItemProxy section */

/* Begin PBXFileReference section */
		9A03DEA625E59F5500E4BEE5 /* CVStateObservable.swift */ = {isa = PBXFileReference; lastKnownFileType = sourcecode.swift; path = CVStateObservable.swift; sourceTree = "<group>"; };
		9A09025B2530F04C0011E478 /* CVEducationViewModel.swift */ = {isa = PBXFileReference; lastKnownFileType = sourcecode.swift; path = CVEducationViewModel.swift; sourceTree = "<group>"; };
		9A0902612530F0570011E478 /* CVEducationView.swift */ = {isa = PBXFileReference; lastKnownFileType = sourcecode.swift; path = CVEducationView.swift; sourceTree = "<group>"; };
		9A0902652530F5BD0011E478 /* ContainerView.swift */ = {isa = PBXFileReference; lastKnownFileType = sourcecode.swift; path = ContainerView.swift; sourceTree = "<group>"; };
		9A31683125719B0F00574342 /* View+ContentOffset.swift */ = {isa = PBXFileReference; lastKnownFileType = sourcecode.swift; path = "View+ContentOffset.swift"; sourceTree = "<group>"; };
		9A31683725719D8900574342 /* View+SafeArea.swift */ = {isa = PBXFileReference; lastKnownFileType = sourcecode.swift; path = "View+SafeArea.swift"; sourceTree = "<group>"; };
		9A46E34F243BBCC9004A472E /* CVExperienceView.swift */ = {isa = PBXFileReference; lastKnownFileType = sourcecode.swift; path = CVExperienceView.swift; sourceTree = "<group>"; };
		9A46E352243BBE73004A472E /* RangeDateFormatter.swift */ = {isa = PBXFileReference; lastKnownFileType = sourcecode.swift; path = RangeDateFormatter.swift; sourceTree = "<group>"; };
		9A4D603C2439E49C005F7F96 /* .swiftlint.yml */ = {isa = PBXFileReference; fileEncoding = 4; lastKnownFileType = text.yaml; path = .swiftlint.yml; sourceTree = "<group>"; };
		9A4D603D2439E49C005F7F96 /* Readme.txt */ = {isa = PBXFileReference; fileEncoding = 4; lastKnownFileType = text; path = Readme.txt; sourceTree = "<group>"; };
		9A4D606C2439EA11005F7F96 /* CircleImage.swift */ = {isa = PBXFileReference; lastKnownFileType = sourcecode.swift; path = CircleImage.swift; sourceTree = "<group>"; };
		9A4D60702439F383005F7F96 /* CVSummaryViewModel.swift */ = {isa = PBXFileReference; lastKnownFileType = sourcecode.swift; path = CVSummaryViewModel.swift; sourceTree = "<group>"; };
		9A4D60732439F49B005F7F96 /* CVViewModel.swift */ = {isa = PBXFileReference; lastKnownFileType = sourcecode.swift; path = CVViewModel.swift; sourceTree = "<group>"; };
		9A4FE4E0246F2EA60012A6BF /* Font+Theme.swift */ = {isa = PBXFileReference; lastKnownFileType = sourcecode.swift; path = "Font+Theme.swift"; sourceTree = "<group>"; };
		9A4FE4E3246F321E0012A6BF /* Montserrat-Bold.ttf */ = {isa = PBXFileReference; lastKnownFileType = file; path = "Montserrat-Bold.ttf"; sourceTree = "<group>"; };
		9A4FE4E4246F321E0012A6BF /* Montserrat-Regular.ttf */ = {isa = PBXFileReference; lastKnownFileType = file; path = "Montserrat-Regular.ttf"; sourceTree = "<group>"; };
		9A4FE4E7246F358B0012A6BF /* SectionHeader.swift */ = {isa = PBXFileReference; lastKnownFileType = sourcecode.swift; path = SectionHeader.swift; sourceTree = "<group>"; };
		9A4FE4E9246F3A380012A6BF /* CVExperienceViewModel.swift */ = {isa = PBXFileReference; lastKnownFileType = sourcecode.swift; path = CVExperienceViewModel.swift; sourceTree = "<group>"; };
		9A5571392539A79600CB2947 /* View+TextStyle.swift */ = {isa = PBXFileReference; lastKnownFileType = sourcecode.swift; path = "View+TextStyle.swift"; sourceTree = "<group>"; };
		9A5571412539BE2000CB2947 /* EdgeInsets+Convenience.swift */ = {isa = PBXFileReference; lastKnownFileType = sourcecode.swift; path = "EdgeInsets+Convenience.swift"; sourceTree = "<group>"; };
		9A575B75252E4E7B00DE722B /* CVViewItem.swift */ = {isa = PBXFileReference; lastKnownFileType = sourcecode.swift; path = CVViewItem.swift; sourceTree = "<group>"; };
		9A575B77252E4ED500DE722B /* CVViewItemFactory.swift */ = {isa = PBXFileReference; lastKnownFileType = sourcecode.swift; path = CVViewItemFactory.swift; sourceTree = "<group>"; };
		9A59080F246C86870080BE24 /* Color+Theme.swift */ = {isa = PBXFileReference; lastKnownFileType = sourcecode.swift; path = "Color+Theme.swift"; sourceTree = "<group>"; };
		9A590811246C86A00080BE24 /* CVDesign */ = {isa = PBXFileReference; lastKnownFileType = folder; name = CVDesign; path = ../CVDesign; sourceTree = "<group>"; };
		9A590814246C87AE0080BE24 /* Color+Hex.swift */ = {isa = PBXFileReference; lastKnownFileType = sourcecode.swift; path = "Color+Hex.swift"; sourceTree = "<group>"; };
		9A590816246C89A20080BE24 /* String+Hex.swift */ = {isa = PBXFileReference; lastKnownFileType = sourcecode.swift; path = "String+Hex.swift"; sourceTree = "<group>"; };
		9A590819246C8A6C0080BE24 /* CGFloat+Spacing.swift */ = {isa = PBXFileReference; lastKnownFileType = sourcecode.swift; path = "CGFloat+Spacing.swift"; sourceTree = "<group>"; };
		9A5CCF8024263251009006CD /* CVApp.app */ = {isa = PBXFileReference; explicitFileType = wrapper.application; includeInIndex = 0; path = CVApp.app; sourceTree = BUILT_PRODUCTS_DIR; };
		9A5CCF8324263251009006CD /* AppDelegate.swift */ = {isa = PBXFileReference; lastKnownFileType = sourcecode.swift; path = AppDelegate.swift; sourceTree = "<group>"; };
		9A5CCF8524263251009006CD /* SceneDelegate.swift */ = {isa = PBXFileReference; lastKnownFileType = sourcecode.swift; path = SceneDelegate.swift; sourceTree = "<group>"; };
		9A5CCF8724263251009006CD /* CVView.swift */ = {isa = PBXFileReference; lastKnownFileType = sourcecode.swift; path = CVView.swift; sourceTree = "<group>"; };
		9A5CCF8924263253009006CD /* Assets.xcassets */ = {isa = PBXFileReference; lastKnownFileType = folder.assetcatalog; path = Assets.xcassets; sourceTree = "<group>"; };
		9A5CCF8C24263253009006CD /* Preview Assets.xcassets */ = {isa = PBXFileReference; lastKnownFileType = folder.assetcatalog; path = "Preview Assets.xcassets"; sourceTree = "<group>"; };
		9A5CCF8F24263253009006CD /* Base */ = {isa = PBXFileReference; lastKnownFileType = file.storyboard; name = Base; path = Base.lproj/LaunchScreen.storyboard; sourceTree = "<group>"; };
		9A5CCF9124263253009006CD /* Info.plist */ = {isa = PBXFileReference; lastKnownFileType = text.plist.xml; path = Info.plist; sourceTree = "<group>"; };
		9A5CCF9624263253009006CD /* CVAppTests.xctest */ = {isa = PBXFileReference; explicitFileType = wrapper.cfbundle; includeInIndex = 0; path = CVAppTests.xctest; sourceTree = BUILT_PRODUCTS_DIR; };
		9A5CCF9A24263253009006CD /* CV_AppTests.swift */ = {isa = PBXFileReference; lastKnownFileType = sourcecode.swift; path = CV_AppTests.swift; sourceTree = "<group>"; };
		9A5CCF9C24263253009006CD /* Info.plist */ = {isa = PBXFileReference; lastKnownFileType = text.plist.xml; path = Info.plist; sourceTree = "<group>"; };
		9A62DE7D25C5902B0028163C /* CVSkillsGridView.swift */ = {isa = PBXFileReference; lastKnownFileType = sourcecode.swift; path = CVSkillsGridView.swift; sourceTree = "<group>"; };
		9A62DE8125C590520028163C /* CVSkillsGridViewModel.swift */ = {isa = PBXFileReference; lastKnownFileType = sourcecode.swift; path = CVSkillsGridViewModel.swift; sourceTree = "<group>"; };
		9A717D5D243895B700AB3AD4 /* CVSummaryView.swift */ = {isa = PBXFileReference; lastKnownFileType = sourcecode.swift; path = CVSummaryView.swift; sourceTree = "<group>"; };
		9A87429A25DF09C200E1BDF0 /* CVDependencyContainer.swift */ = {isa = PBXFileReference; lastKnownFileType = sourcecode.swift; path = CVDependencyContainer.swift; sourceTree = "<group>"; };
		9ABC52F5253239E700FF128D /* CVSkillsView.swift */ = {isa = PBXFileReference; lastKnownFileType = sourcecode.swift; path = CVSkillsView.swift; sourceTree = "<group>"; };
		9ABC52FB253239F500FF128D /* CVSkillsViewModel.swift */ = {isa = PBXFileReference; lastKnownFileType = sourcecode.swift; path = CVSkillsViewModel.swift; sourceTree = "<group>"; };
		9ABC530125323B8100FF128D /* SkillKind+DisplayName.swift */ = {isa = PBXFileReference; lastKnownFileType = sourcecode.swift; path = "SkillKind+DisplayName.swift"; sourceTree = "<group>"; };
		9ABC53062532408B00FF128D /* CVContactViewModel.swift */ = {isa = PBXFileReference; lastKnownFileType = sourcecode.swift; path = CVContactViewModel.swift; sourceTree = "<group>"; };
		9ABC531025324A1800FF128D /* CVContactItem.swift */ = {isa = PBXFileReference; lastKnownFileType = sourcecode.swift; path = CVContactItem.swift; sourceTree = "<group>"; };
		9ABC531425324A7A00FF128D /* CVContactItemFactory.swift */ = {isa = PBXFileReference; lastKnownFileType = sourcecode.swift; path = CVContactItemFactory.swift; sourceTree = "<group>"; };
		9ABC531825324E5600FF128D /* CVContactView.swift */ = {isa = PBXFileReference; lastKnownFileType = sourcecode.swift; path = CVContactView.swift; sourceTree = "<group>"; };
		9ABC531E25324F7400FF128D /* CircleButton.swift */ = {isa = PBXFileReference; lastKnownFileType = sourcecode.swift; path = CircleButton.swift; sourceTree = "<group>"; };
		9AC6F56425CB409E000E12B6 /* pl */ = {isa = PBXFileReference; lastKnownFileType = text.plist.strings; name = pl; path = pl.lproj/LaunchScreen.strings; sourceTree = "<group>"; };
		9AC6F56D25CB40D9000E12B6 /* en */ = {isa = PBXFileReference; lastKnownFileType = text.plist.strings; name = en; path = en.lproj/Localizable.strings; sourceTree = "<group>"; };
		9AC6F57125CB40DE000E12B6 /* pl */ = {isa = PBXFileReference; lastKnownFileType = text.plist.strings; name = pl; path = pl.lproj/Localizable.strings; sourceTree = "<group>"; };
		9AC6F57225CB4108000E12B6 /* String+Localized.swift */ = {isa = PBXFileReference; lastKnownFileType = sourcecode.swift; path = "String+Localized.swift"; sourceTree = "<group>"; };
		9ADFEFAF2555F90000F6A0A9 /* View+Hidden.swift */ = {isa = PBXFileReference; lastKnownFileType = sourcecode.swift; path = "View+Hidden.swift"; sourceTree = "<group>"; };
		9AED6B33252E5FE6000D4808 /* CardView.swift */ = {isa = PBXFileReference; lastKnownFileType = sourcecode.swift; path = CardView.swift; sourceTree = "<group>"; };
/* End PBXFileReference section */

/* Begin PBXFrameworksBuildPhase section */
		9A5CCF7D24263251009006CD /* Frameworks */ = {
			isa = PBXFrameworksBuildPhase;
			buildActionMask = 2147483647;
			files = (
				9A4BD2B724389FD80049BE17 /* CVDomain in Frameworks */,
				9A8742A625DF0C8100E1BDF0 /* RxBlocking in Frameworks */,
				9A4BD2B924389FDB0049BE17 /* CVStatic in Frameworks */,
				9A8742A225DF0AA400E1BDF0 /* RxSwift in Frameworks */,
				9A8742A025DF0AA400E1BDF0 /* RxCocoa in Frameworks */,
				9A590813246C86A80080BE24 /* CVDesign in Frameworks */,
			);
			runOnlyForDeploymentPostprocessing = 0;
		};
		9A5CCF9324263253009006CD /* Frameworks */ = {
			isa = PBXFrameworksBuildPhase;
			buildActionMask = 2147483647;
			files = (
			);
			runOnlyForDeploymentPostprocessing = 0;
		};
/* End PBXFrameworksBuildPhase section */

/* Begin PBXGroup section */
		9A09025A2530F0350011E478 /* Education */ = {
			isa = PBXGroup;
			children = (
				9A09025B2530F04C0011E478 /* CVEducationViewModel.swift */,
				9A0902612530F0570011E478 /* CVEducationView.swift */,
			);
			path = Education;
			sourceTree = "<group>";
		};
		9A46E342243BB65C004A472E /* DependencyContainer */ = {
			isa = PBXGroup;
			children = (
				9A87429A25DF09C200E1BDF0 /* CVDependencyContainer.swift */,
			);
			path = DependencyContainer;
			sourceTree = "<group>";
		};
		9A46E34E243BBCA7004A472E /* Experience */ = {
			isa = PBXGroup;
			children = (
				9A4FE4E9246F3A380012A6BF /* CVExperienceViewModel.swift */,
				9A46E34F243BBCC9004A472E /* CVExperienceView.swift */,
			);
			path = Experience;
			sourceTree = "<group>";
		};
		9A46E351243BBE53004A472E /* Utils */ = {
			isa = PBXGroup;
			children = (
				9A590814246C87AE0080BE24 /* Color+Hex.swift */,
				9A5571412539BE2000CB2947 /* EdgeInsets+Convenience.swift */,
				9A46E352243BBE73004A472E /* RangeDateFormatter.swift */,
				9A590816246C89A20080BE24 /* String+Hex.swift */,
				9ADFEFAF2555F90000F6A0A9 /* View+Hidden.swift */,
				9AC6F57225CB4108000E12B6 /* String+Localized.swift */,
			);
			path = Utils;
			sourceTree = "<group>";
		};
		9A4D603B2439E49C005F7F96 /* SwiftLint */ = {
			isa = PBXGroup;
			children = (
				9A4D603D2439E49C005F7F96 /* Readme.txt */,
				9A4D603C2439E49C005F7F96 /* .swiftlint.yml */,
			);
			name = SwiftLint;
			path = ../SwiftLint;
			sourceTree = "<group>";
		};
		9A4D606F2439F36A005F7F96 /* Summary */ = {
			isa = PBXGroup;
			children = (
				9A4D60702439F383005F7F96 /* CVSummaryViewModel.swift */,
				9A717D5D243895B700AB3AD4 /* CVSummaryView.swift */,
			);
			path = Summary;
			sourceTree = "<group>";
		};
		9A4D60722439F46D005F7F96 /* CV */ = {
			isa = PBXGroup;
			children = (
				9A575B74252E4E5D00DE722B /* Root */,
				9A4D606F2439F36A005F7F96 /* Summary */,
				9A46E34E243BBCA7004A472E /* Experience */,
				9A09025A2530F0350011E478 /* Education */,
				9ABC52F4253239CE00FF128D /* Skills */,
				9ABC530525323FD700FF128D /* Contact */,
			);
			path = CV;
			sourceTree = "<group>";
		};
		9A4FE4E2246F31F10012A6BF /* Fonts */ = {
			isa = PBXGroup;
			children = (
				9A4FE4E4246F321E0012A6BF /* Montserrat-Regular.ttf */,
				9A4FE4E3246F321E0012A6BF /* Montserrat-Bold.ttf */,
			);
			path = Fonts;
			sourceTree = "<group>";
		};
		9A575B74252E4E5D00DE722B /* Root */ = {
			isa = PBXGroup;
			children = (
				9A4D60732439F49B005F7F96 /* CVViewModel.swift */,
				9A5CCF8724263251009006CD /* CVView.swift */,
				9A575B75252E4E7B00DE722B /* CVViewItem.swift */,
				9A575B77252E4ED500DE722B /* CVViewItemFactory.swift */,
				9A03DEA625E59F5500E4BEE5 /* CVStateObservable.swift */,
			);
			path = Root;
			sourceTree = "<group>";
		};
		9A59080B246C86140080BE24 /* Design */ = {
			isa = PBXGroup;
			children = (
				9A59080C246C86250080BE24 /* Theme */,
				9A717D5B2438957D00AB3AD4 /* Views */,
			);
			path = Design;
			sourceTree = "<group>";
		};
		9A59080C246C86250080BE24 /* Theme */ = {
			isa = PBXGroup;
			children = (
				9A4FE4E0246F2EA60012A6BF /* Font+Theme.swift */,
				9A59080F246C86870080BE24 /* Color+Theme.swift */,
				9A590819246C8A6C0080BE24 /* CGFloat+Spacing.swift */,
				9A5571392539A79600CB2947 /* View+TextStyle.swift */,
			);
			path = Theme;
			sourceTree = "<group>";
		};
		9A5CCF7724263251009006CD = {
			isa = PBXGroup;
			children = (
				9A5CCF8224263251009006CD /* CVApp */,
				9A5CCF9924263253009006CD /* CVAppTests */,
				9A4D603B2439E49C005F7F96 /* SwiftLint */,
				9AAAC643242639E900BAD4EC /* Frameworks */,
				9A5CCF8124263251009006CD /* Products */,
			);
			sourceTree = "<group>";
		};
		9A5CCF8124263251009006CD /* Products */ = {
			isa = PBXGroup;
			children = (
				9A5CCF8024263251009006CD /* CVApp.app */,
				9A5CCF9624263253009006CD /* CVAppTests.xctest */,
			);
			name = Products;
			sourceTree = "<group>";
		};
		9A5CCF8224263251009006CD /* CVApp */ = {
			isa = PBXGroup;
			children = (
				9A5CCFA824263291009006CD /* Resources */,
				9A5CCFA52426326E009006CD /* Main */,
				9A5CCFA624263279009006CD /* Scenes */,
				9A59080B246C86140080BE24 /* Design */,
				9A46E351243BBE53004A472E /* Utils */,
			);
			path = CVApp;
			sourceTree = "<group>";
		};
		9A5CCF9924263253009006CD /* CVAppTests */ = {
			isa = PBXGroup;
			children = (
				9A5CCF9A24263253009006CD /* CV_AppTests.swift */,
				9A5CCF9C24263253009006CD /* Info.plist */,
			);
			path = CVAppTests;
			sourceTree = "<group>";
		};
		9A5CCFA52426326E009006CD /* Main */ = {
			isa = PBXGroup;
			children = (
				9A5CCFA724263286009006CD /* App */,
				9A46E342243BB65C004A472E /* DependencyContainer */,
			);
			path = Main;
			sourceTree = "<group>";
		};
		9A5CCFA624263279009006CD /* Scenes */ = {
			isa = PBXGroup;
			children = (
				9A4D60722439F46D005F7F96 /* CV */,
			);
			path = Scenes;
			sourceTree = "<group>";
		};
		9A5CCFA724263286009006CD /* App */ = {
			isa = PBXGroup;
			children = (
				9A5CCF8324263251009006CD /* AppDelegate.swift */,
				9A5CCF8524263251009006CD /* SceneDelegate.swift */,
			);
			path = App;
			sourceTree = "<group>";
		};
		9A5CCFA824263291009006CD /* Resources */ = {
			isa = PBXGroup;
			children = (
				9A5CCFAA242632A8009006CD /* Info */,
				9A5CCFA92426329A009006CD /* Launch */,
				9A5CCFAE242633C8009006CD /* Assets */,
				9AC6F56B25CB40C8000E12B6 /* Texts */,
				9A5CCFAD242633BC009006CD /* Preview */,
				9A4FE4E2246F31F10012A6BF /* Fonts */,
			);
			path = Resources;
			sourceTree = "<group>";
		};
		9A5CCFA92426329A009006CD /* Launch */ = {
			isa = PBXGroup;
			children = (
				9A5CCF8E24263253009006CD /* LaunchScreen.storyboard */,
			);
			path = Launch;
			sourceTree = "<group>";
		};
		9A5CCFAA242632A8009006CD /* Info */ = {
			isa = PBXGroup;
			children = (
				9A5CCF9124263253009006CD /* Info.plist */,
			);
			path = Info;
			sourceTree = "<group>";
		};
		9A5CCFAD242633BC009006CD /* Preview */ = {
			isa = PBXGroup;
			children = (
				9A5CCF8C24263253009006CD /* Preview Assets.xcassets */,
			);
			path = Preview;
			sourceTree = "<group>";
		};
		9A5CCFAE242633C8009006CD /* Assets */ = {
			isa = PBXGroup;
			children = (
				9A5CCF8924263253009006CD /* Assets.xcassets */,
			);
			path = Assets;
			sourceTree = "<group>";
		};
		9A717D5B2438957D00AB3AD4 /* Views */ = {
			isa = PBXGroup;
			children = (
				9AED6B33252E5FE6000D4808 /* CardView.swift */,
				9A4D606C2439EA11005F7F96 /* CircleImage.swift */,
				9ABC531E25324F7400FF128D /* CircleButton.swift */,
				9A0902652530F5BD0011E478 /* ContainerView.swift */,
				9A4FE4E7246F358B0012A6BF /* SectionHeader.swift */,
				9A31683125719B0F00574342 /* View+ContentOffset.swift */,
				9A31683725719D8900574342 /* View+SafeArea.swift */,
			);
			path = Views;
			sourceTree = "<group>";
		};
		9AAAC643242639E900BAD4EC /* Frameworks */ = {
			isa = PBXGroup;
			children = (
				9A590811246C86A00080BE24 /* CVDesign */,
			);
			name = Frameworks;
			sourceTree = "<group>";
		};
		9ABC52F4253239CE00FF128D /* Skills */ = {
			isa = PBXGroup;
			children = (
				9A62DE8125C590520028163C /* CVSkillsGridViewModel.swift */,
				9A62DE7D25C5902B0028163C /* CVSkillsGridView.swift */,
				9ABC52FB253239F500FF128D /* CVSkillsViewModel.swift */,
				9ABC52F5253239E700FF128D /* CVSkillsView.swift */,
				9ABC530125323B8100FF128D /* SkillKind+DisplayName.swift */,
			);
			path = Skills;
			sourceTree = "<group>";
		};
		9ABC530525323FD700FF128D /* Contact */ = {
			isa = PBXGroup;
			children = (
				9ABC53062532408B00FF128D /* CVContactViewModel.swift */,
				9ABC531825324E5600FF128D /* CVContactView.swift */,
				9ABC531025324A1800FF128D /* CVContactItem.swift */,
				9ABC531425324A7A00FF128D /* CVContactItemFactory.swift */,
			);
			path = Contact;
			sourceTree = "<group>";
		};
		9AC6F56B25CB40C8000E12B6 /* Texts */ = {
			isa = PBXGroup;
			children = (
				9AC6F56E25CB40D9000E12B6 /* Localizable.strings */,
			);
			path = Texts;
			sourceTree = "<group>";
		};
/* End PBXGroup section */

/* Begin PBXNativeTarget section */
		9A5CCF7F24263251009006CD /* CVApp */ = {
			isa = PBXNativeTarget;
			buildConfigurationList = 9A5CCF9F24263253009006CD /* Build configuration list for PBXNativeTarget "CVApp" */;
			buildPhases = (
				9A5CCF7C24263251009006CD /* Sources */,
				9A5CCF7D24263251009006CD /* Frameworks */,
				9A5CCF7E24263251009006CD /* Resources */,
				9A4D603A2439E41C005F7F96 /* Run Script: SwiftLint */,
			);
			buildRules = (
			);
			dependencies = (
			);
			name = CVApp;
			packageProductDependencies = (
				9A4BD2B624389FD80049BE17 /* CVDomain */,
				9A4BD2B824389FDB0049BE17 /* CVStatic */,
				9A590812246C86A80080BE24 /* CVDesign */,
				9A87429F25DF0AA400E1BDF0 /* RxCocoa */,
				9A8742A125DF0AA400E1BDF0 /* RxSwift */,
				9A8742A525DF0C8100E1BDF0 /* RxBlocking */,
			);
			productName = "CV App";
			productReference = 9A5CCF8024263251009006CD /* CVApp.app */;
			productType = "com.apple.product-type.application";
		};
		9A5CCF9524263253009006CD /* CVAppTests */ = {
			isa = PBXNativeTarget;
			buildConfigurationList = 9A5CCFA224263253009006CD /* Build configuration list for PBXNativeTarget "CVAppTests" */;
			buildPhases = (
				9A5CCF9224263253009006CD /* Sources */,
				9A5CCF9324263253009006CD /* Frameworks */,
				9A5CCF9424263253009006CD /* Resources */,
			);
			buildRules = (
			);
			dependencies = (
				9A5CCF9824263253009006CD /* PBXTargetDependency */,
			);
			name = CVAppTests;
			productName = "CV AppTests";
			productReference = 9A5CCF9624263253009006CD /* CVAppTests.xctest */;
			productType = "com.apple.product-type.bundle.unit-test";
		};
/* End PBXNativeTarget section */

/* Begin PBXProject section */
		9A5CCF7824263251009006CD /* Project object */ = {
			isa = PBXProject;
			attributes = {
				LastSwiftUpdateCheck = 1130;
				LastUpgradeCheck = 1200;
				TargetAttributes = {
					9A5CCF7F24263251009006CD = {
						CreatedOnToolsVersion = 11.3.1;
					};
					9A5CCF9524263253009006CD = {
						CreatedOnToolsVersion = 11.3.1;
						TestTargetID = 9A5CCF7F24263251009006CD;
					};
				};
			};
			buildConfigurationList = 9A5CCF7B24263251009006CD /* Build configuration list for PBXProject "CVApp" */;
			compatibilityVersion = "Xcode 9.3";
			developmentRegion = en;
			hasScannedForEncodings = 0;
			knownRegions = (
				en,
				Base,
				pl,
			);
			mainGroup = 9A5CCF7724263251009006CD;
			packageReferences = (
				9A87429E25DF0AA400E1BDF0 /* XCRemoteSwiftPackageReference "RxSwift" */,
			);
			productRefGroup = 9A5CCF8124263251009006CD /* Products */;
			projectDirPath = "";
			projectRoot = "";
			targets = (
				9A5CCF7F24263251009006CD /* CVApp */,
				9A5CCF9524263253009006CD /* CVAppTests */,
			);
		};
/* End PBXProject section */

/* Begin PBXResourcesBuildPhase section */
		9A5CCF7E24263251009006CD /* Resources */ = {
			isa = PBXResourcesBuildPhase;
			buildActionMask = 2147483647;
			files = (
				9A4FE4E6246F32A10012A6BF /* Montserrat-Bold.ttf in Resources */,
				9AC6F56C25CB40D9000E12B6 /* Localizable.strings in Resources */,
				9A4FE4E5246F329E0012A6BF /* Montserrat-Regular.ttf in Resources */,
				9A5CCF9024263253009006CD /* LaunchScreen.storyboard in Resources */,
				9A5CCF8D24263253009006CD /* Preview Assets.xcassets in Resources */,
				9A5CCF8A24263253009006CD /* Assets.xcassets in Resources */,
			);
			runOnlyForDeploymentPostprocessing = 0;
		};
		9A5CCF9424263253009006CD /* Resources */ = {
			isa = PBXResourcesBuildPhase;
			buildActionMask = 2147483647;
			files = (
			);
			runOnlyForDeploymentPostprocessing = 0;
		};
/* End PBXResourcesBuildPhase section */

/* Begin PBXShellScriptBuildPhase section */
		9A4D603A2439E41C005F7F96 /* Run Script: SwiftLint */ = {
			isa = PBXShellScriptBuildPhase;
			buildActionMask = 2147483647;
			files = (
			);
			inputFileListPaths = (
			);
			inputPaths = (
			);
			name = "Run Script: SwiftLint";
			outputFileListPaths = (
			);
			outputPaths = (
			);
			runOnlyForDeploymentPostprocessing = 0;
			shellPath = /bin/sh;
			shellScript = "if which swiftlint >/dev/null; then\n  swiftlint --config ../SwiftLint/.swiftlint.yml --quiet\nelse\n  echo \"warning: SwiftLint not installed, download from https://github.com/realm/SwiftLint\"\nfi\n";
		};
/* End PBXShellScriptBuildPhase section */

/* Begin PBXSourcesBuildPhase section */
		9A5CCF7C24263251009006CD /* Sources */ = {
			isa = PBXSourcesBuildPhase;
			buildActionMask = 2147483647;
			files = (
				9ABC531F25324F7400FF128D /* CircleButton.swift in Sources */,
				9A62DE8225C590520028163C /* CVSkillsGridViewModel.swift in Sources */,
				9ABC52F6253239E700FF128D /* CVSkillsView.swift in Sources */,
				9ABC531125324A1800FF128D /* CVContactItem.swift in Sources */,
				9A590810246C86870080BE24 /* Color+Theme.swift in Sources */,
				9A5CCF8424263251009006CD /* AppDelegate.swift in Sources */,
				9A5571422539BE2000CB2947 /* EdgeInsets+Convenience.swift in Sources */,
				9A09025C2530F04C0011E478 /* CVEducationViewModel.swift in Sources */,
				9A31683825719D8900574342 /* View+SafeArea.swift in Sources */,
				9ABC531525324A7A00FF128D /* CVContactItemFactory.swift in Sources */,
				9A575B78252E4ED500DE722B /* CVViewItemFactory.swift in Sources */,
				9ABC52FC253239F500FF128D /* CVSkillsViewModel.swift in Sources */,
				9A5CCF8624263251009006CD /* SceneDelegate.swift in Sources */,
				9A46E353243BBE73004A472E /* RangeDateFormatter.swift in Sources */,
				9A59081A246C8A6C0080BE24 /* CGFloat+Spacing.swift in Sources */,
				9ADFEFB02555F90000F6A0A9 /* View+Hidden.swift in Sources */,
				9A717D5E243895B700AB3AD4 /* CVSummaryView.swift in Sources */,
				9A03DEA725E59F5500E4BEE5 /* CVStateObservable.swift in Sources */,
				9A5CCF8824263251009006CD /* CVView.swift in Sources */,
				9A0902622530F0570011E478 /* CVEducationView.swift in Sources */,
				9A4FE4EA246F3A380012A6BF /* CVExperienceViewModel.swift in Sources */,
				9A4D60712439F383005F7F96 /* CVSummaryViewModel.swift in Sources */,
				9ABC530225323B8100FF128D /* SkillKind+DisplayName.swift in Sources */,
				9AC6F57325CB4108000E12B6 /* String+Localized.swift in Sources */,
				9AED6B34252E5FE6000D4808 /* CardView.swift in Sources */,
				9A590817246C89A20080BE24 /* String+Hex.swift in Sources */,
				9ABC531925324E5600FF128D /* CVContactView.swift in Sources */,
				9A87429B25DF09C200E1BDF0 /* CVDependencyContainer.swift in Sources */,
				9A4D606D2439EA11005F7F96 /* CircleImage.swift in Sources */,
				9A31683225719B0F00574342 /* View+ContentOffset.swift in Sources */,
				9A575B76252E4E7B00DE722B /* CVViewItem.swift in Sources */,
				9A0902662530F5BD0011E478 /* ContainerView.swift in Sources */,
				9A62DE7E25C5902B0028163C /* CVSkillsGridView.swift in Sources */,
				9A4FE4E1246F2EA60012A6BF /* Font+Theme.swift in Sources */,
				9A4FE4E8246F358B0012A6BF /* SectionHeader.swift in Sources */,
				9A55713A2539A79600CB2947 /* View+TextStyle.swift in Sources */,
				9ABC53072532408B00FF128D /* CVContactViewModel.swift in Sources */,
				9A4D60742439F49B005F7F96 /* CVViewModel.swift in Sources */,
				9A46E350243BBCC9004A472E /* CVExperienceView.swift in Sources */,
				9A590815246C87AE0080BE24 /* Color+Hex.swift in Sources */,
			);
			runOnlyForDeploymentPostprocessing = 0;
		};
		9A5CCF9224263253009006CD /* Sources */ = {
			isa = PBXSourcesBuildPhase;
			buildActionMask = 2147483647;
			files = (
				9A5CCF9B24263253009006CD /* CV_AppTests.swift in Sources */,
			);
			runOnlyForDeploymentPostprocessing = 0;
		};
/* End PBXSourcesBuildPhase section */

/* Begin PBXTargetDependency section */
		9A5CCF9824263253009006CD /* PBXTargetDependency */ = {
			isa = PBXTargetDependency;
			target = 9A5CCF7F24263251009006CD /* CVApp */;
			targetProxy = 9A5CCF9724263253009006CD /* PBXContainerItemProxy */;
		};
/* End PBXTargetDependency section */

/* Begin PBXVariantGroup section */
		9A5CCF8E24263253009006CD /* LaunchScreen.storyboard */ = {
			isa = PBXVariantGroup;
			children = (
				9A5CCF8F24263253009006CD /* Base */,
				9AC6F56425CB409E000E12B6 /* pl */,
			);
			name = LaunchScreen.storyboard;
			sourceTree = "<group>";
		};
		9AC6F56E25CB40D9000E12B6 /* Localizable.strings */ = {
			isa = PBXVariantGroup;
			children = (
				9AC6F56D25CB40D9000E12B6 /* en */,
				9AC6F57125CB40DE000E12B6 /* pl */,
			);
			name = Localizable.strings;
			sourceTree = "<group>";
		};
/* End PBXVariantGroup section */

/* Begin XCBuildConfiguration section */
		9A5CCF9D24263253009006CD /* Debug */ = {
			isa = XCBuildConfiguration;
			buildSettings = {
				ALWAYS_SEARCH_USER_PATHS = NO;
				CLANG_ANALYZER_LOCALIZABILITY_NONLOCALIZED = YES;
				CLANG_ANALYZER_NONNULL = YES;
				CLANG_ANALYZER_NUMBER_OBJECT_CONVERSION = YES_AGGRESSIVE;
				CLANG_CXX_LANGUAGE_STANDARD = "gnu++14";
				CLANG_CXX_LIBRARY = "libc++";
				CLANG_ENABLE_MODULES = YES;
				CLANG_ENABLE_OBJC_ARC = YES;
				CLANG_ENABLE_OBJC_WEAK = YES;
				CLANG_WARN_BLOCK_CAPTURE_AUTORELEASING = YES;
				CLANG_WARN_BOOL_CONVERSION = YES;
				CLANG_WARN_COMMA = YES;
				CLANG_WARN_CONSTANT_CONVERSION = YES;
				CLANG_WARN_DEPRECATED_OBJC_IMPLEMENTATIONS = YES;
				CLANG_WARN_DIRECT_OBJC_ISA_USAGE = YES_ERROR;
				CLANG_WARN_DOCUMENTATION_COMMENTS = YES;
				CLANG_WARN_EMPTY_BODY = YES;
				CLANG_WARN_ENUM_CONVERSION = YES;
				CLANG_WARN_INFINITE_RECURSION = YES;
				CLANG_WARN_INT_CONVERSION = YES;
				CLANG_WARN_NON_LITERAL_NULL_CONVERSION = YES;
				CLANG_WARN_OBJC_IMPLICIT_RETAIN_SELF = YES;
				CLANG_WARN_OBJC_LITERAL_CONVERSION = YES;
				CLANG_WARN_OBJC_ROOT_CLASS = YES_ERROR;
				CLANG_WARN_QUOTED_INCLUDE_IN_FRAMEWORK_HEADER = YES;
				CLANG_WARN_RANGE_LOOP_ANALYSIS = YES;
				CLANG_WARN_STRICT_PROTOTYPES = YES;
				CLANG_WARN_SUSPICIOUS_MOVE = YES;
				CLANG_WARN_UNGUARDED_AVAILABILITY = YES_AGGRESSIVE;
				CLANG_WARN_UNREACHABLE_CODE = YES;
				CLANG_WARN__DUPLICATE_METHOD_MATCH = YES;
				COPY_PHASE_STRIP = NO;
				DEBUG_INFORMATION_FORMAT = dwarf;
				ENABLE_STRICT_OBJC_MSGSEND = YES;
				ENABLE_TESTABILITY = YES;
				GCC_C_LANGUAGE_STANDARD = gnu11;
				GCC_DYNAMIC_NO_PIC = NO;
				GCC_NO_COMMON_BLOCKS = YES;
				GCC_OPTIMIZATION_LEVEL = 0;
				GCC_PREPROCESSOR_DEFINITIONS = (
					"DEBUG=1",
					"$(inherited)",
				);
				GCC_WARN_64_TO_32_BIT_CONVERSION = YES;
				GCC_WARN_ABOUT_RETURN_TYPE = YES_ERROR;
				GCC_WARN_UNDECLARED_SELECTOR = YES;
				GCC_WARN_UNINITIALIZED_AUTOS = YES_AGGRESSIVE;
				GCC_WARN_UNUSED_FUNCTION = YES;
				GCC_WARN_UNUSED_VARIABLE = YES;
				IPHONEOS_DEPLOYMENT_TARGET = 14.0;
				MTL_ENABLE_DEBUG_INFO = INCLUDE_SOURCE;
				MTL_FAST_MATH = YES;
				ONLY_ACTIVE_ARCH = YES;
				SDKROOT = iphoneos;
				SWIFT_ACTIVE_COMPILATION_CONDITIONS = DEBUG;
				SWIFT_OPTIMIZATION_LEVEL = "-Onone";
			};
			name = Debug;
		};
		9A5CCF9E24263253009006CD /* Release */ = {
			isa = XCBuildConfiguration;
			buildSettings = {
				ALWAYS_SEARCH_USER_PATHS = NO;
				CLANG_ANALYZER_LOCALIZABILITY_NONLOCALIZED = YES;
				CLANG_ANALYZER_NONNULL = YES;
				CLANG_ANALYZER_NUMBER_OBJECT_CONVERSION = YES_AGGRESSIVE;
				CLANG_CXX_LANGUAGE_STANDARD = "gnu++14";
				CLANG_CXX_LIBRARY = "libc++";
				CLANG_ENABLE_MODULES = YES;
				CLANG_ENABLE_OBJC_ARC = YES;
				CLANG_ENABLE_OBJC_WEAK = YES;
				CLANG_WARN_BLOCK_CAPTURE_AUTORELEASING = YES;
				CLANG_WARN_BOOL_CONVERSION = YES;
				CLANG_WARN_COMMA = YES;
				CLANG_WARN_CONSTANT_CONVERSION = YES;
				CLANG_WARN_DEPRECATED_OBJC_IMPLEMENTATIONS = YES;
				CLANG_WARN_DIRECT_OBJC_ISA_USAGE = YES_ERROR;
				CLANG_WARN_DOCUMENTATION_COMMENTS = YES;
				CLANG_WARN_EMPTY_BODY = YES;
				CLANG_WARN_ENUM_CONVERSION = YES;
				CLANG_WARN_INFINITE_RECURSION = YES;
				CLANG_WARN_INT_CONVERSION = YES;
				CLANG_WARN_NON_LITERAL_NULL_CONVERSION = YES;
				CLANG_WARN_OBJC_IMPLICIT_RETAIN_SELF = YES;
				CLANG_WARN_OBJC_LITERAL_CONVERSION = YES;
				CLANG_WARN_OBJC_ROOT_CLASS = YES_ERROR;
				CLANG_WARN_QUOTED_INCLUDE_IN_FRAMEWORK_HEADER = YES;
				CLANG_WARN_RANGE_LOOP_ANALYSIS = YES;
				CLANG_WARN_STRICT_PROTOTYPES = YES;
				CLANG_WARN_SUSPICIOUS_MOVE = YES;
				CLANG_WARN_UNGUARDED_AVAILABILITY = YES_AGGRESSIVE;
				CLANG_WARN_UNREACHABLE_CODE = YES;
				CLANG_WARN__DUPLICATE_METHOD_MATCH = YES;
				COPY_PHASE_STRIP = NO;
				DEBUG_INFORMATION_FORMAT = "dwarf-with-dsym";
				ENABLE_NS_ASSERTIONS = NO;
				ENABLE_STRICT_OBJC_MSGSEND = YES;
				GCC_C_LANGUAGE_STANDARD = gnu11;
				GCC_NO_COMMON_BLOCKS = YES;
				GCC_WARN_64_TO_32_BIT_CONVERSION = YES;
				GCC_WARN_ABOUT_RETURN_TYPE = YES_ERROR;
				GCC_WARN_UNDECLARED_SELECTOR = YES;
				GCC_WARN_UNINITIALIZED_AUTOS = YES_AGGRESSIVE;
				GCC_WARN_UNUSED_FUNCTION = YES;
				GCC_WARN_UNUSED_VARIABLE = YES;
				IPHONEOS_DEPLOYMENT_TARGET = 14.0;
				MTL_ENABLE_DEBUG_INFO = NO;
				MTL_FAST_MATH = YES;
				SDKROOT = iphoneos;
				SWIFT_COMPILATION_MODE = wholemodule;
				SWIFT_OPTIMIZATION_LEVEL = "-O";
				VALIDATE_PRODUCT = YES;
			};
			name = Release;
		};
		9A5CCFA024263253009006CD /* Debug */ = {
			isa = XCBuildConfiguration;
			buildSettings = {
				ASSETCATALOG_COMPILER_APPICON_NAME = AppIcon;
				CODE_SIGN_STYLE = Automatic;
				DEVELOPMENT_ASSET_PATHS = "\"CVApp/Resources/Preview\"";
				DEVELOPMENT_TEAM = 5692ZYJZGS;
				ENABLE_PREVIEWS = YES;
				INFOPLIST_FILE = CVApp/Resources/Info/Info.plist;
				LD_RUNPATH_SEARCH_PATHS = (
					"$(inherited)",
					"@executable_path/Frameworks",
				);
				MARKETING_VERSION = 0.1;
				PRODUCT_BUNDLE_IDENTIFIER = tomasz.zaloga.CVApp;
				PRODUCT_NAME = CVApp;
				SWIFT_VERSION = 5.0;
				TARGETED_DEVICE_FAMILY = "1,2";
			};
			name = Debug;
		};
		9A5CCFA124263253009006CD /* Release */ = {
			isa = XCBuildConfiguration;
			buildSettings = {
				ASSETCATALOG_COMPILER_APPICON_NAME = AppIcon;
				CODE_SIGN_STYLE = Automatic;
				DEVELOPMENT_ASSET_PATHS = "\"CVApp/Resources/Preview\"";
				DEVELOPMENT_TEAM = 5692ZYJZGS;
				ENABLE_PREVIEWS = YES;
				INFOPLIST_FILE = CVApp/Resources/Info/Info.plist;
				LD_RUNPATH_SEARCH_PATHS = (
					"$(inherited)",
					"@executable_path/Frameworks",
				);
				MARKETING_VERSION = 0.1;
				PRODUCT_BUNDLE_IDENTIFIER = tomasz.zaloga.CVApp;
				PRODUCT_NAME = CVApp;
				SWIFT_VERSION = 5.0;
				TARGETED_DEVICE_FAMILY = "1,2";
			};
			name = Release;
		};
		9A5CCFA324263253009006CD /* Debug */ = {
			isa = XCBuildConfiguration;
			buildSettings = {
				ALWAYS_EMBED_SWIFT_STANDARD_LIBRARIES = YES;
				BUNDLE_LOADER = "$(TEST_HOST)";
				CODE_SIGN_STYLE = Automatic;
				DEVELOPMENT_TEAM = 5692ZYJZGS;
				INFOPLIST_FILE = CVAppTests/Info.plist;
				IPHONEOS_DEPLOYMENT_TARGET = 13.2;
				LD_RUNPATH_SEARCH_PATHS = (
					"$(inherited)",
					"@executable_path/Frameworks",
					"@loader_path/Frameworks",
				);
				PRODUCT_BUNDLE_IDENTIFIER = "tomasz.zaloga.CV-AppTests";
				PRODUCT_NAME = "$(TARGET_NAME)";
				SWIFT_VERSION = 5.0;
				TARGETED_DEVICE_FAMILY = "1,2";
				TEST_HOST = "$(BUILT_PRODUCTS_DIR)/CVApp.app/CVApp";
			};
			name = Debug;
		};
		9A5CCFA424263253009006CD /* Release */ = {
			isa = XCBuildConfiguration;
			buildSettings = {
				ALWAYS_EMBED_SWIFT_STANDARD_LIBRARIES = YES;
				BUNDLE_LOADER = "$(TEST_HOST)";
				CODE_SIGN_STYLE = Automatic;
				DEVELOPMENT_TEAM = 5692ZYJZGS;
				INFOPLIST_FILE = CVAppTests/Info.plist;
				IPHONEOS_DEPLOYMENT_TARGET = 13.2;
				LD_RUNPATH_SEARCH_PATHS = (
					"$(inherited)",
					"@executable_path/Frameworks",
					"@loader_path/Frameworks",
				);
				PRODUCT_BUNDLE_IDENTIFIER = "tomasz.zaloga.CV-AppTests";
				PRODUCT_NAME = "$(TARGET_NAME)";
				SWIFT_VERSION = 5.0;
				TARGETED_DEVICE_FAMILY = "1,2";
				TEST_HOST = "$(BUILT_PRODUCTS_DIR)/CVApp.app/CVApp";
			};
			name = Release;
		};
/* End XCBuildConfiguration section */

/* Begin XCConfigurationList section */
		9A5CCF7B24263251009006CD /* Build configuration list for PBXProject "CVApp" */ = {
			isa = XCConfigurationList;
			buildConfigurations = (
				9A5CCF9D24263253009006CD /* Debug */,
				9A5CCF9E24263253009006CD /* Release */,
			);
			defaultConfigurationIsVisible = 0;
			defaultConfigurationName = Release;
		};
		9A5CCF9F24263253009006CD /* Build configuration list for PBXNativeTarget "CVApp" */ = {
			isa = XCConfigurationList;
			buildConfigurations = (
				9A5CCFA024263253009006CD /* Debug */,
				9A5CCFA124263253009006CD /* Release */,
			);
			defaultConfigurationIsVisible = 0;
			defaultConfigurationName = Release;
		};
		9A5CCFA224263253009006CD /* Build configuration list for PBXNativeTarget "CVAppTests" */ = {
			isa = XCConfigurationList;
			buildConfigurations = (
				9A5CCFA324263253009006CD /* Debug */,
				9A5CCFA424263253009006CD /* Release */,
			);
			defaultConfigurationIsVisible = 0;
			defaultConfigurationName = Release;
		};
/* End XCConfigurationList section */

/* Begin XCRemoteSwiftPackageReference section */
		9A87429E25DF0AA400E1BDF0 /* XCRemoteSwiftPackageReference "RxSwift" */ = {
			isa = XCRemoteSwiftPackageReference;
			repositoryURL = "https://github.com/ReactiveX/RxSwift.git";
			requirement = {
				kind = upToNextMajorVersion;
				minimumVersion = 6.0.0;
			};
		};
/* End XCRemoteSwiftPackageReference section */

/* Begin XCSwiftPackageProductDependency section */
		9A4BD2B624389FD80049BE17 /* CVDomain */ = {
			isa = XCSwiftPackageProductDependency;
			productName = CVDomain;
		};
		9A4BD2B824389FDB0049BE17 /* CVStatic */ = {
			isa = XCSwiftPackageProductDependency;
			productName = CVStatic;
		};
		9A590812246C86A80080BE24 /* CVDesign */ = {
			isa = XCSwiftPackageProductDependency;
			productName = CVDesign;
		};
		9A87429F25DF0AA400E1BDF0 /* RxCocoa */ = {
			isa = XCSwiftPackageProductDependency;
			package = 9A87429E25DF0AA400E1BDF0 /* XCRemoteSwiftPackageReference "RxSwift" */;
			productName = RxCocoa;
		};
		9A8742A125DF0AA400E1BDF0 /* RxSwift */ = {
			isa = XCSwiftPackageProductDependency;
			package = 9A87429E25DF0AA400E1BDF0 /* XCRemoteSwiftPackageReference "RxSwift" */;
			productName = RxSwift;
		};
		9A8742A525DF0C8100E1BDF0 /* RxBlocking */ = {
			isa = XCSwiftPackageProductDependency;
			package = 9A87429E25DF0AA400E1BDF0 /* XCRemoteSwiftPackageReference "RxSwift" */;
			productName = RxBlocking;
		};
/* End XCSwiftPackageProductDependency section */
	};
	rootObject = 9A5CCF7824263251009006CD /* Project object */;
}
