// !$*UTF8*$!
{
	archiveVersion = 1;
	classes = {
	};
	objectVersion = 50;
	objects = {

/* Begin PBXBuildFile section */
		9A4C315F242775570043883A /* Experience.swift in Sources */ = {isa = PBXBuildFile; fileRef = 9A4C315E242775570043883A /* Experience.swift */; };
		9A4C3162242775C30043883A /* Education.swift in Sources */ = {isa = PBXBuildFile; fileRef = 9A4C3161242775C30043883A /* Education.swift */; };
		9A4C3164242775E50043883A /* Skill.swift in Sources */ = {isa = PBXBuildFile; fileRef = 9A4C3163242775E50043883A /* Skill.swift */; };
		9A4C31662427760E0043883A /* Name.swift in Sources */ = {isa = PBXBuildFile; fileRef = 9A4C31652427760E0043883A /* Name.swift */; };
		9A4C3168242776240043883A /* Email.swift in Sources */ = {isa = PBXBuildFile; fileRef = 9A4C3167242776240043883A /* Email.swift */; };
		9A4C316A242776390043883A /* Photo.swift in Sources */ = {isa = PBXBuildFile; fileRef = 9A4C3169242776390043883A /* Photo.swift */; };
		9A4C316C242776520043883A /* Address.swift in Sources */ = {isa = PBXBuildFile; fileRef = 9A4C316B242776520043883A /* Address.swift */; };
		9A4C316E2427766C0043883A /* UserData.swift in Sources */ = {isa = PBXBuildFile; fileRef = 9A4C316D2427766C0043883A /* UserData.swift */; };
		9A4C3171242778790043883A /* Value.swift in Sources */ = {isa = PBXBuildFile; fileRef = 9A4C3170242778790043883A /* Value.swift */; };
		9A4C317324277C2D0043883A /* DateRange.swift in Sources */ = {isa = PBXBuildFile; fileRef = 9A4C317224277C2D0043883A /* DateRange.swift */; };
		9A4C317524277DA60043883A /* CV.swift in Sources */ = {isa = PBXBuildFile; fileRef = 9A4C317424277DA60043883A /* CV.swift */; };
		9AAAC6212426398200BAD4EC /* CVDomain.framework in Frameworks */ = {isa = PBXBuildFile; fileRef = 9AAAC6172426398200BAD4EC /* CVDomain.framework */; };
		9AAAC6262426398200BAD4EC /* CVDomainTests.swift in Sources */ = {isa = PBXBuildFile; fileRef = 9AAAC6252426398200BAD4EC /* CVDomainTests.swift */; };
		9AAAC6282426398200BAD4EC /* CVDomain.h in Headers */ = {isa = PBXBuildFile; fileRef = 9AAAC61A2426398200BAD4EC /* CVDomain.h */; settings = {ATTRIBUTES = (Public, ); }; };
/* End PBXBuildFile section */

/* Begin PBXContainerItemProxy section */
		9AAAC6222426398200BAD4EC /* PBXContainerItemProxy */ = {
			isa = PBXContainerItemProxy;
			containerPortal = 9AAAC60E2426398200BAD4EC /* Project object */;
			proxyType = 1;
			remoteGlobalIDString = 9AAAC6162426398200BAD4EC;
			remoteInfo = "CV Domain";
		};
/* End PBXContainerItemProxy section */

/* Begin PBXFileReference section */
		9A4C315E242775570043883A /* Experience.swift */ = {isa = PBXFileReference; lastKnownFileType = sourcecode.swift; path = Experience.swift; sourceTree = "<group>"; };
		9A4C3161242775C30043883A /* Education.swift */ = {isa = PBXFileReference; lastKnownFileType = sourcecode.swift; path = Education.swift; sourceTree = "<group>"; };
		9A4C3163242775E50043883A /* Skill.swift */ = {isa = PBXFileReference; lastKnownFileType = sourcecode.swift; path = Skill.swift; sourceTree = "<group>"; };
		9A4C31652427760E0043883A /* Name.swift */ = {isa = PBXFileReference; lastKnownFileType = sourcecode.swift; path = Name.swift; sourceTree = "<group>"; };
		9A4C3167242776240043883A /* Email.swift */ = {isa = PBXFileReference; lastKnownFileType = sourcecode.swift; path = Email.swift; sourceTree = "<group>"; };
		9A4C3169242776390043883A /* Photo.swift */ = {isa = PBXFileReference; lastKnownFileType = sourcecode.swift; path = Photo.swift; sourceTree = "<group>"; };
		9A4C316B242776520043883A /* Address.swift */ = {isa = PBXFileReference; lastKnownFileType = sourcecode.swift; path = Address.swift; sourceTree = "<group>"; };
		9A4C316D2427766C0043883A /* UserData.swift */ = {isa = PBXFileReference; lastKnownFileType = sourcecode.swift; path = UserData.swift; sourceTree = "<group>"; };
		9A4C3170242778790043883A /* Value.swift */ = {isa = PBXFileReference; lastKnownFileType = sourcecode.swift; path = Value.swift; sourceTree = "<group>"; };
		9A4C317224277C2D0043883A /* DateRange.swift */ = {isa = PBXFileReference; lastKnownFileType = sourcecode.swift; path = DateRange.swift; sourceTree = "<group>"; };
		9A4C317424277DA60043883A /* CV.swift */ = {isa = PBXFileReference; lastKnownFileType = sourcecode.swift; path = CV.swift; sourceTree = "<group>"; };
		9AAAC6172426398200BAD4EC /* CVDomain.framework */ = {isa = PBXFileReference; explicitFileType = wrapper.framework; includeInIndex = 0; path = CVDomain.framework; sourceTree = BUILT_PRODUCTS_DIR; };
		9AAAC61A2426398200BAD4EC /* CVDomain.h */ = {isa = PBXFileReference; lastKnownFileType = sourcecode.c.h; path = CVDomain.h; sourceTree = "<group>"; };
		9AAAC61B2426398200BAD4EC /* Info.plist */ = {isa = PBXFileReference; lastKnownFileType = text.plist.xml; path = Info.plist; sourceTree = "<group>"; };
		9AAAC6202426398200BAD4EC /* CVDomainTests.xctest */ = {isa = PBXFileReference; explicitFileType = wrapper.cfbundle; includeInIndex = 0; path = CVDomainTests.xctest; sourceTree = BUILT_PRODUCTS_DIR; };
		9AAAC6252426398200BAD4EC /* CVDomainTests.swift */ = {isa = PBXFileReference; lastKnownFileType = sourcecode.swift; path = CVDomainTests.swift; sourceTree = "<group>"; };
		9AAAC6272426398200BAD4EC /* Info.plist */ = {isa = PBXFileReference; lastKnownFileType = text.plist.xml; path = Info.plist; sourceTree = "<group>"; };
/* End PBXFileReference section */

/* Begin PBXFrameworksBuildPhase section */
		9AAAC6142426398200BAD4EC /* Frameworks */ = {
			isa = PBXFrameworksBuildPhase;
			buildActionMask = 2147483647;
			files = (
			);
			runOnlyForDeploymentPostprocessing = 0;
		};
		9AAAC61D2426398200BAD4EC /* Frameworks */ = {
			isa = PBXFrameworksBuildPhase;
			buildActionMask = 2147483647;
			files = (
				9AAAC6212426398200BAD4EC /* CVDomain.framework in Frameworks */,
			);
			runOnlyForDeploymentPostprocessing = 0;
		};
/* End PBXFrameworksBuildPhase section */

/* Begin PBXGroup section */
		9A4C3159242774E00043883A /* User */ = {
			isa = PBXGroup;
			children = (
				9A4C316B242776520043883A /* Address.swift */,
				9A4C316D2427766C0043883A /* UserData.swift */,
			);
			path = User;
			sourceTree = "<group>";
		};
		9A4C315A242774E90043883A /* WorkExperience */ = {
			isa = PBXGroup;
			children = (
				9A4C315E242775570043883A /* Experience.swift */,
			);
			path = WorkExperience;
			sourceTree = "<group>";
		};
		9A4C315B2427751A0043883A /* Education */ = {
			isa = PBXGroup;
			children = (
				9A4C3161242775C30043883A /* Education.swift */,
			);
			path = Education;
			sourceTree = "<group>";
		};
		9A4C315C242775350043883A /* Skills */ = {
			isa = PBXGroup;
			children = (
				9A4C3163242775E50043883A /* Skill.swift */,
			);
			path = Skills;
			sourceTree = "<group>";
		};
		9A4C315D2427753A0043883A /* CV */ = {
			isa = PBXGroup;
			children = (
				9A4C317424277DA60043883A /* CV.swift */,
			);
			path = CV;
			sourceTree = "<group>";
		};
		9A4C3160242775A30043883A /* Common */ = {
			isa = PBXGroup;
			children = (
				9A4C316F2427786C0043883A /* Value */,
				9A4C31652427760E0043883A /* Name.swift */,
				9A4C3167242776240043883A /* Email.swift */,
				9A4C3169242776390043883A /* Photo.swift */,
				9A4C317224277C2D0043883A /* DateRange.swift */,
			);
			path = Common;
			sourceTree = "<group>";
		};
		9A4C316F2427786C0043883A /* Value */ = {
			isa = PBXGroup;
			children = (
				9A4C3170242778790043883A /* Value.swift */,
			);
			path = Value;
			sourceTree = "<group>";
		};
		9AAAC60D2426398200BAD4EC = {
			isa = PBXGroup;
			children = (
				9AAAC6192426398200BAD4EC /* CVDomain */,
				9AAAC6242426398200BAD4EC /* CVDomainTests */,
				9AAAC6182426398200BAD4EC /* Products */,
			);
			sourceTree = "<group>";
		};
		9AAAC6182426398200BAD4EC /* Products */ = {
			isa = PBXGroup;
			children = (
				9AAAC6172426398200BAD4EC /* CVDomain.framework */,
				9AAAC6202426398200BAD4EC /* CVDomainTests.xctest */,
			);
			name = Products;
			sourceTree = "<group>";
		};
		9AAAC6192426398200BAD4EC /* CVDomain */ = {
			isa = PBXGroup;
			children = (
				9AAAC64A24263C8A00BAD4EC /* Resources */,
				9AAAC64F24263D3600BAD4EC /* Models */,
			);
			path = CVDomain;
			sourceTree = "<group>";
		};
		9AAAC6242426398200BAD4EC /* CVDomainTests */ = {
			isa = PBXGroup;
			children = (
				9AAAC64C24263CCE00BAD4EC /* Resources */,
				9AAAC64E24263CE400BAD4EC /* Models */,
			);
			path = CVDomainTests;
			sourceTree = "<group>";
		};
		9AAAC64A24263C8A00BAD4EC /* Resources */ = {
			isa = PBXGroup;
			children = (
				9AAAC64B24263CBB00BAD4EC /* Info */,
				9AAAC61A2426398200BAD4EC /* CVDomain.h */,
			);
			path = Resources;
			sourceTree = "<group>";
		};
		9AAAC64B24263CBB00BAD4EC /* Info */ = {
			isa = PBXGroup;
			children = (
				9AAAC61B2426398200BAD4EC /* Info.plist */,
			);
			path = Info;
			sourceTree = "<group>";
		};
		9AAAC64C24263CCE00BAD4EC /* Resources */ = {
			isa = PBXGroup;
			children = (
				9AAAC64D24263CD600BAD4EC /* Info */,
			);
			path = Resources;
			sourceTree = "<group>";
		};
		9AAAC64D24263CD600BAD4EC /* Info */ = {
			isa = PBXGroup;
			children = (
				9AAAC6272426398200BAD4EC /* Info.plist */,
			);
			path = Info;
			sourceTree = "<group>";
		};
		9AAAC64E24263CE400BAD4EC /* Models */ = {
			isa = PBXGroup;
			children = (
				9AAAC6252426398200BAD4EC /* CVDomainTests.swift */,
			);
			path = Models;
			sourceTree = "<group>";
		};
		9AAAC64F24263D3600BAD4EC /* Models */ = {
			isa = PBXGroup;
			children = (
				9A4C3160242775A30043883A /* Common */,
				9A4C3159242774E00043883A /* User */,
				9A4C315B2427751A0043883A /* Education */,
				9A4C315A242774E90043883A /* WorkExperience */,
				9A4C315C242775350043883A /* Skills */,
				9A4C315D2427753A0043883A /* CV */,
			);
			path = Models;
			sourceTree = "<group>";
		};
/* End PBXGroup section */

/* Begin PBXHeadersBuildPhase section */
		9AAAC6122426398200BAD4EC /* Headers */ = {
			isa = PBXHeadersBuildPhase;
			buildActionMask = 2147483647;
			files = (
				9AAAC6282426398200BAD4EC /* CVDomain.h in Headers */,
			);
			runOnlyForDeploymentPostprocessing = 0;
		};
/* End PBXHeadersBuildPhase section */

/* Begin PBXNativeTarget section */
		9AAAC6162426398200BAD4EC /* CVDomain */ = {
			isa = PBXNativeTarget;
			buildConfigurationList = 9AAAC62B2426398200BAD4EC /* Build configuration list for PBXNativeTarget "CVDomain" */;
			buildPhases = (
				9AAAC6122426398200BAD4EC /* Headers */,
				9AAAC6132426398200BAD4EC /* Sources */,
				9AAAC6142426398200BAD4EC /* Frameworks */,
				9AAAC6152426398200BAD4EC /* Resources */,
			);
			buildRules = (
			);
			dependencies = (
			);
			name = CVDomain;
			productName = "CV Domain";
			productReference = 9AAAC6172426398200BAD4EC /* CVDomain.framework */;
			productType = "com.apple.product-type.framework";
		};
		9AAAC61F2426398200BAD4EC /* CVDomainTests */ = {
			isa = PBXNativeTarget;
			buildConfigurationList = 9AAAC62E2426398200BAD4EC /* Build configuration list for PBXNativeTarget "CVDomainTests" */;
			buildPhases = (
				9AAAC61C2426398200BAD4EC /* Sources */,
				9AAAC61D2426398200BAD4EC /* Frameworks */,
				9AAAC61E2426398200BAD4EC /* Resources */,
			);
			buildRules = (
			);
			dependencies = (
				9AAAC6232426398200BAD4EC /* PBXTargetDependency */,
			);
			name = CVDomainTests;
			productName = "CV DomainTests";
			productReference = 9AAAC6202426398200BAD4EC /* CVDomainTests.xctest */;
			productType = "com.apple.product-type.bundle.unit-test";
		};
/* End PBXNativeTarget section */

/* Begin PBXProject section */
		9AAAC60E2426398200BAD4EC /* Project object */ = {
			isa = PBXProject;
			attributes = {
				LastSwiftUpdateCheck = 1130;
				LastUpgradeCheck = 1130;
				TargetAttributes = {
					9AAAC6162426398200BAD4EC = {
						CreatedOnToolsVersion = 11.3.1;
						LastSwiftMigration = 1130;
					};
					9AAAC61F2426398200BAD4EC = {
						CreatedOnToolsVersion = 11.3.1;
					};
				};
			};
			buildConfigurationList = 9AAAC6112426398200BAD4EC /* Build configuration list for PBXProject "CVDomain" */;
			compatibilityVersion = "Xcode 9.3";
			developmentRegion = en;
			hasScannedForEncodings = 0;
			knownRegions = (
				en,
				Base,
			);
			mainGroup = 9AAAC60D2426398200BAD4EC;
			productRefGroup = 9AAAC6182426398200BAD4EC /* Products */;
			projectDirPath = "";
			projectRoot = "";
			targets = (
				9AAAC6162426398200BAD4EC /* CVDomain */,
				9AAAC61F2426398200BAD4EC /* CVDomainTests */,
			);
		};
/* End PBXProject section */

/* Begin PBXResourcesBuildPhase section */
		9AAAC6152426398200BAD4EC /* Resources */ = {
			isa = PBXResourcesBuildPhase;
			buildActionMask = 2147483647;
			files = (
			);
			runOnlyForDeploymentPostprocessing = 0;
		};
		9AAAC61E2426398200BAD4EC /* Resources */ = {
			isa = PBXResourcesBuildPhase;
			buildActionMask = 2147483647;
			files = (
			);
			runOnlyForDeploymentPostprocessing = 0;
		};
/* End PBXResourcesBuildPhase section */

/* Begin PBXSourcesBuildPhase section */
		9AAAC6132426398200BAD4EC /* Sources */ = {
			isa = PBXSourcesBuildPhase;
			buildActionMask = 2147483647;
			files = (
				9A4C317524277DA60043883A /* CV.swift in Sources */,
				9A4C316A242776390043883A /* Photo.swift in Sources */,
				9A4C3164242775E50043883A /* Skill.swift in Sources */,
				9A4C316E2427766C0043883A /* UserData.swift in Sources */,
				9A4C3168242776240043883A /* Email.swift in Sources */,
				9A4C3162242775C30043883A /* Education.swift in Sources */,
				9A4C3171242778790043883A /* Value.swift in Sources */,
				9A4C31662427760E0043883A /* Name.swift in Sources */,
				9A4C315F242775570043883A /* Experience.swift in Sources */,
				9A4C316C242776520043883A /* Address.swift in Sources */,
				9A4C317324277C2D0043883A /* DateRange.swift in Sources */,
			);
			runOnlyForDeploymentPostprocessing = 0;
		};
		9AAAC61C2426398200BAD4EC /* Sources */ = {
			isa = PBXSourcesBuildPhase;
			buildActionMask = 2147483647;
			files = (
				9AAAC6262426398200BAD4EC /* CVDomainTests.swift in Sources */,
			);
			runOnlyForDeploymentPostprocessing = 0;
		};
/* End PBXSourcesBuildPhase section */

/* Begin PBXTargetDependency section */
		9AAAC6232426398200BAD4EC /* PBXTargetDependency */ = {
			isa = PBXTargetDependency;
			target = 9AAAC6162426398200BAD4EC /* CVDomain */;
			targetProxy = 9AAAC6222426398200BAD4EC /* PBXContainerItemProxy */;
		};
/* End PBXTargetDependency section */

/* Begin XCBuildConfiguration section */
		9AAAC6292426398200BAD4EC /* Debug */ = {
			isa = XCBuildConfiguration;
			buildSettings = {
				ALWAYS_SEARCH_USER_PATHS = NO;
				CLANG_ANALYZER_NONNULL = YES;
				CLANG_ANALYZER_NUMBER_OBJECT_CONVERSION = YES_AGGRESSIVE;
				CLANG_CXX_LANGUAGE_STANDARD = "gnu++14";
				CLANG_CXX_LIBRARY = "libc++";
				CLANG_ENABLE_MODULES = YES;
				CLANG_ENABLE_OBJC_ARC = YES;
				CLANG_ENABLE_OBJC_WEAK = YES;
				CLANG_WARN_BLOCK_CAPTURE_AUTORELEASING = YES;
				CLANG_WARN_BOOL_CONVERSION = YES;
				CLANG_WARN_COMMA = YES;
				CLANG_WARN_CONSTANT_CONVERSION = YES;
				CLANG_WARN_DEPRECATED_OBJC_IMPLEMENTATIONS = YES;
				CLANG_WARN_DIRECT_OBJC_ISA_USAGE = YES_ERROR;
				CLANG_WARN_DOCUMENTATION_COMMENTS = YES;
				CLANG_WARN_EMPTY_BODY = YES;
				CLANG_WARN_ENUM_CONVERSION = YES;
				CLANG_WARN_INFINITE_RECURSION = YES;
				CLANG_WARN_INT_CONVERSION = YES;
				CLANG_WARN_NON_LITERAL_NULL_CONVERSION = YES;
				CLANG_WARN_OBJC_IMPLICIT_RETAIN_SELF = YES;
				CLANG_WARN_OBJC_LITERAL_CONVERSION = YES;
				CLANG_WARN_OBJC_ROOT_CLASS = YES_ERROR;
				CLANG_WARN_RANGE_LOOP_ANALYSIS = YES;
				CLANG_WARN_STRICT_PROTOTYPES = YES;
				CLANG_WARN_SUSPICIOUS_MOVE = YES;
				CLANG_WARN_UNGUARDED_AVAILABILITY = YES_AGGRESSIVE;
				CLANG_WARN_UNREACHABLE_CODE = YES;
				CLANG_WARN__DUPLICATE_METHOD_MATCH = YES;
				COPY_PHASE_STRIP = NO;
				CURRENT_PROJECT_VERSION = 1;
				DEBUG_INFORMATION_FORMAT = dwarf;
				ENABLE_STRICT_OBJC_MSGSEND = YES;
				ENABLE_TESTABILITY = YES;
				GCC_C_LANGUAGE_STANDARD = gnu11;
				GCC_DYNAMIC_NO_PIC = NO;
				GCC_NO_COMMON_BLOCKS = YES;
				GCC_OPTIMIZATION_LEVEL = 0;
				GCC_PREPROCESSOR_DEFINITIONS = (
					"DEBUG=1",
					"$(inherited)",
				);
				GCC_WARN_64_TO_32_BIT_CONVERSION = YES;
				GCC_WARN_ABOUT_RETURN_TYPE = YES_ERROR;
				GCC_WARN_UNDECLARED_SELECTOR = YES;
				GCC_WARN_UNINITIALIZED_AUTOS = YES_AGGRESSIVE;
				GCC_WARN_UNUSED_FUNCTION = YES;
				GCC_WARN_UNUSED_VARIABLE = YES;
				IPHONEOS_DEPLOYMENT_TARGET = 13.2;
				MTL_ENABLE_DEBUG_INFO = INCLUDE_SOURCE;
				MTL_FAST_MATH = YES;
				ONLY_ACTIVE_ARCH = YES;
				SDKROOT = iphoneos;
				SWIFT_ACTIVE_COMPILATION_CONDITIONS = DEBUG;
				SWIFT_OPTIMIZATION_LEVEL = "-Onone";
				VERSIONING_SYSTEM = "apple-generic";
				VERSION_INFO_PREFIX = "";
			};
			name = Debug;
		};
		9AAAC62A2426398200BAD4EC /* Release */ = {
			isa = XCBuildConfiguration;
			buildSettings = {
				ALWAYS_SEARCH_USER_PATHS = NO;
				CLANG_ANALYZER_NONNULL = YES;
				CLANG_ANALYZER_NUMBER_OBJECT_CONVERSION = YES_AGGRESSIVE;
				CLANG_CXX_LANGUAGE_STANDARD = "gnu++14";
				CLANG_CXX_LIBRARY = "libc++";
				CLANG_ENABLE_MODULES = YES;
				CLANG_ENABLE_OBJC_ARC = YES;
				CLANG_ENABLE_OBJC_WEAK = YES;
				CLANG_WARN_BLOCK_CAPTURE_AUTORELEASING = YES;
				CLANG_WARN_BOOL_CONVERSION = YES;
				CLANG_WARN_COMMA = YES;
				CLANG_WARN_CONSTANT_CONVERSION = YES;
				CLANG_WARN_DEPRECATED_OBJC_IMPLEMENTATIONS = YES;
				CLANG_WARN_DIRECT_OBJC_ISA_USAGE = YES_ERROR;
				CLANG_WARN_DOCUMENTATION_COMMENTS = YES;
				CLANG_WARN_EMPTY_BODY = YES;
				CLANG_WARN_ENUM_CONVERSION = YES;
				CLANG_WARN_INFINITE_RECURSION = YES;
				CLANG_WARN_INT_CONVERSION = YES;
				CLANG_WARN_NON_LITERAL_NULL_CONVERSION = YES;
				CLANG_WARN_OBJC_IMPLICIT_RETAIN_SELF = YES;
				CLANG_WARN_OBJC_LITERAL_CONVERSION = YES;
				CLANG_WARN_OBJC_ROOT_CLASS = YES_ERROR;
				CLANG_WARN_RANGE_LOOP_ANALYSIS = YES;
				CLANG_WARN_STRICT_PROTOTYPES = YES;
				CLANG_WARN_SUSPICIOUS_MOVE = YES;
				CLANG_WARN_UNGUARDED_AVAILABILITY = YES_AGGRESSIVE;
				CLANG_WARN_UNREACHABLE_CODE = YES;
				CLANG_WARN__DUPLICATE_METHOD_MATCH = YES;
				COPY_PHASE_STRIP = NO;
				CURRENT_PROJECT_VERSION = 1;
				DEBUG_INFORMATION_FORMAT = "dwarf-with-dsym";
				ENABLE_NS_ASSERTIONS = NO;
				ENABLE_STRICT_OBJC_MSGSEND = YES;
				GCC_C_LANGUAGE_STANDARD = gnu11;
				GCC_NO_COMMON_BLOCKS = YES;
				GCC_WARN_64_TO_32_BIT_CONVERSION = YES;
				GCC_WARN_ABOUT_RETURN_TYPE = YES_ERROR;
				GCC_WARN_UNDECLARED_SELECTOR = YES;
				GCC_WARN_UNINITIALIZED_AUTOS = YES_AGGRESSIVE;
				GCC_WARN_UNUSED_FUNCTION = YES;
				GCC_WARN_UNUSED_VARIABLE = YES;
				IPHONEOS_DEPLOYMENT_TARGET = 13.2;
				MTL_ENABLE_DEBUG_INFO = NO;
				MTL_FAST_MATH = YES;
				SDKROOT = iphoneos;
				SWIFT_COMPILATION_MODE = wholemodule;
				SWIFT_OPTIMIZATION_LEVEL = "-O";
				VALIDATE_PRODUCT = YES;
				VERSIONING_SYSTEM = "apple-generic";
				VERSION_INFO_PREFIX = "";
			};
			name = Release;
		};
		9AAAC62C2426398200BAD4EC /* Debug */ = {
			isa = XCBuildConfiguration;
			buildSettings = {
				CLANG_ENABLE_MODULES = YES;
				CODE_SIGN_STYLE = Automatic;
				DEFINES_MODULE = YES;
				DEVELOPMENT_TEAM = 5692ZYJZGS;
				DYLIB_COMPATIBILITY_VERSION = 1;
				DYLIB_CURRENT_VERSION = 1;
				DYLIB_INSTALL_NAME_BASE = "@rpath";
				INFOPLIST_FILE = CVDomain/Resources/Info/Info.plist;
				INSTALL_PATH = "$(LOCAL_LIBRARY_DIR)/Frameworks";
				LD_RUNPATH_SEARCH_PATHS = (
					"$(inherited)",
					"@executable_path/Frameworks",
					"@loader_path/Frameworks",
				);
				PRODUCT_BUNDLE_IDENTIFIER = tomasz.zaloga.CVDomain;
				PRODUCT_NAME = CVDomain;
				SKIP_INSTALL = YES;
				SWIFT_OPTIMIZATION_LEVEL = "-Onone";
				SWIFT_VERSION = 5.0;
				TARGETED_DEVICE_FAMILY = "1,2";
			};
			name = Debug;
		};
		9AAAC62D2426398200BAD4EC /* Release */ = {
			isa = XCBuildConfiguration;
			buildSettings = {
				CLANG_ENABLE_MODULES = YES;
				CODE_SIGN_STYLE = Automatic;
				DEFINES_MODULE = YES;
				DEVELOPMENT_TEAM = 5692ZYJZGS;
				DYLIB_COMPATIBILITY_VERSION = 1;
				DYLIB_CURRENT_VERSION = 1;
				DYLIB_INSTALL_NAME_BASE = "@rpath";
				INFOPLIST_FILE = CVDomain/Resources/Info/Info.plist;
				INSTALL_PATH = "$(LOCAL_LIBRARY_DIR)/Frameworks";
				LD_RUNPATH_SEARCH_PATHS = (
					"$(inherited)",
					"@executable_path/Frameworks",
					"@loader_path/Frameworks",
				);
				PRODUCT_BUNDLE_IDENTIFIER = tomasz.zaloga.CVDomain;
				PRODUCT_NAME = CVDomain;
				SKIP_INSTALL = YES;
				SWIFT_VERSION = 5.0;
				TARGETED_DEVICE_FAMILY = "1,2";
			};
			name = Release;
		};
		9AAAC62F2426398200BAD4EC /* Debug */ = {
			isa = XCBuildConfiguration;
			buildSettings = {
				ALWAYS_EMBED_SWIFT_STANDARD_LIBRARIES = YES;
				CODE_SIGN_STYLE = Automatic;
				DEVELOPMENT_TEAM = 5692ZYJZGS;
				INFOPLIST_FILE = CVDomainTests/Resources/Info/Info.plist;
				LD_RUNPATH_SEARCH_PATHS = (
					"$(inherited)",
					"@executable_path/Frameworks",
					"@loader_path/Frameworks",
				);
				PRODUCT_BUNDLE_IDENTIFIER = "tomasz.zaloga.CV-DomainTests";
				PRODUCT_NAME = "$(TARGET_NAME)";
				SWIFT_VERSION = 5.0;
				TARGETED_DEVICE_FAMILY = "1,2";
			};
			name = Debug;
		};
		9AAAC6302426398200BAD4EC /* Release */ = {
			isa = XCBuildConfiguration;
			buildSettings = {
				ALWAYS_EMBED_SWIFT_STANDARD_LIBRARIES = YES;
				CODE_SIGN_STYLE = Automatic;
				DEVELOPMENT_TEAM = 5692ZYJZGS;
				INFOPLIST_FILE = CVDomainTests/Resources/Info/Info.plist;
				LD_RUNPATH_SEARCH_PATHS = (
					"$(inherited)",
					"@executable_path/Frameworks",
					"@loader_path/Frameworks",
				);
				PRODUCT_BUNDLE_IDENTIFIER = "tomasz.zaloga.CV-DomainTests";
				PRODUCT_NAME = "$(TARGET_NAME)";
				SWIFT_VERSION = 5.0;
				TARGETED_DEVICE_FAMILY = "1,2";
			};
			name = Release;
		};
/* End XCBuildConfiguration section */

/* Begin XCConfigurationList section */
		9AAAC6112426398200BAD4EC /* Build configuration list for PBXProject "CVDomain" */ = {
			isa = XCConfigurationList;
			buildConfigurations = (
				9AAAC6292426398200BAD4EC /* Debug */,
				9AAAC62A2426398200BAD4EC /* Release */,
			);
			defaultConfigurationIsVisible = 0;
			defaultConfigurationName = Release;
		};
		9AAAC62B2426398200BAD4EC /* Build configuration list for PBXNativeTarget "CVDomain" */ = {
			isa = XCConfigurationList;
			buildConfigurations = (
				9AAAC62C2426398200BAD4EC /* Debug */,
				9AAAC62D2426398200BAD4EC /* Release */,
			);
			defaultConfigurationIsVisible = 0;
			defaultConfigurationName = Release;
		};
		9AAAC62E2426398200BAD4EC /* Build configuration list for PBXNativeTarget "CVDomainTests" */ = {
			isa = XCConfigurationList;
			buildConfigurations = (
				9AAAC62F2426398200BAD4EC /* Debug */,
				9AAAC6302426398200BAD4EC /* Release */,
			);
			defaultConfigurationIsVisible = 0;
			defaultConfigurationName = Release;
		};
/* End XCConfigurationList section */
	};
	rootObject = 9AAAC60E2426398200BAD4EC /* Project object */;
}
